
Microsoft Visual Studio Solution File, Format Version 12.00
# Visual Studio Version 17
VisualStudioVersion = 17.13.35828.75
MinimumVisualStudioVersion = 10.0.40219.1
Project("{FAE04EC0-301F-11D3-BF4B-00C04F79EFBC}") = "copilot-sample.Api", "copilot-sample.Api\copilot-sample.Api.csproj", "{8E754013-64CD-402F-A9D1-10D3CFE753D3}"
EndProject
Project("{FAE04EC0-301F-11D3-BF4B-00C04F79EFBC}") = "copilot-sample.Test", "copilot-sample.Test\copilot-sample.Test.csproj", "{0AE92036-1C6A-41C7-A84D-FE4E1A579351}"
EndProject
Project("{FAE04EC0-301F-11D3-BF4B-00C04F79EFBC}") = "copilot-sample.DataAccess", "copilot-sample.DataAccess\copilot-sample.DataAccess.csproj", "{8EFCEFC0-CD82-48B2-8E7C-CB56BA85BAE3}"
EndProject
Project("{2150E333-8FDC-42A3-9474-1A3956D46DE8}") = "docs", "docs", "{8EC462FD-D22E-90A8-E5CE-7E832BA40C5D}"
	ProjectSection(SolutionItems) = preProject
		copilot-instructions.md = copilot-instructions.md
	EndProjectSection
EndProject
Global
	GlobalSection(SolutionConfigurationPlatforms) = preSolution
		Debug|Any CPU = Debug|Any CPU
		Release|Any CPU = Release|Any CPU
	EndGlobalSection
	GlobalSection(ProjectConfigurationPlatforms) = postSolution
		{8E754013-64CD-402F-A9D1-10D3CFE753D3}.Debug|Any CPU.ActiveCfg = Debug|Any CPU
		{8E754013-64CD-402F-A9D1-10D3CFE753D3}.Debug|Any CPU.Build.0 = Debug|Any CPU
		{8E754013-64CD-402F-A9D1-10D3CFE753D3}.Release|Any CPU.ActiveCfg = Release|Any CPU
		{8E754013-64CD-402F-A9D1-10D3CFE753D3}.Release|Any CPU.Build.0 = Release|Any CPU
		{0AE92036-1C6A-41C7-A84D-FE4E1A579351}.Debug|Any CPU.ActiveCfg = Debug|Any CPU
		{0AE92036-1C6A-41C7-A84D-FE4E1A579351}.Debug|Any CPU.Build.0 = Debug|Any CPU
		{0AE92036-1C6A-41C7-A84D-FE4E1A579351}.Release|Any CPU.ActiveCfg = Release|Any CPU
		{0AE92036-1C6A-41C7-A84D-FE4E1A579351}.Release|Any CPU.Build.0 = Release|Any CPU
		{8EFCEFC0-CD82-48B2-8E7C-CB56BA85BAE3}.Debug|Any CPU.ActiveCfg = Debug|Any CPU
		{8EFCEFC0-CD82-48B2-8E7C-CB56BA85BAE3}.Debug|Any CPU.Build.0 = Debug|Any CPU
		{8EFCEFC0-CD82-48B2-8E7C-CB56BA85BAE3}.Release|Any CPU.ActiveCfg = Release|Any CPU
		{8EFCEFC0-CD82-48B2-8E7C-CB56BA85BAE3}.Release|Any CPU.Build.0 = Release|Any CPU
	EndGlobalSection
	GlobalSection(SolutionProperties) = preSolution
		HideSolutionNode = FALSE
	EndGlobalSection
	GlobalSection(ExtensibilityGlobals) = postSolution
		SolutionGuid = {B78DD698-ADCA-4195-AD2C-9DFDB1A3F59E}
	EndGlobalSection
EndGlobal
